<?xml version="1.0" encoding="UTF-8"?>
<Scheme
   version = "1.3">
   <BuildAction>
      <BuildActionEntries>
         <BuildActionEntry
            buildForRunning = "YES">
            <BuildableReference
               BuildableIdentifier = "primary"
               BlueprintIdentifier = "71533A0DEC704E88D2245CDA"
               BuildableName = "firstkotlinnativeios.app"
               BlueprintName = "firstkotlinnativeios"
               ReferencedContainer = "container:firstkotlinnativeios.xcodeproj">
            </BuildableReference>
         </BuildActionEntry>
      </BuildActionEntries>
   </BuildAction>
   <LaunchAction
      useCustomWorkingDirectory = "NO"
      buildConfiguration = "Debug"
      allowLocationSimulation = "YES">
      <BuildableProductRunnable>
         <BuildableReference
            BuildableIdentifier = "primary"
            BlueprintIdentifier = "71533A0DEC704E88D2245CDA"
            BuildableName = "firstkotlinnativeios.app"
            BlueprintName = "firstkotlinnativeios"
            ReferencedContainer = "container:firstkotlinnativeios.xcodeproj">
         </BuildableReference>
      </BuildableProductRunnable>
   </LaunchAction>
</Scheme>
